
Microsoft Visual Studio Solution File, Format Version 12.00
# Visual Studio Version 17
VisualStudioVersion = 17.9.34701.34
MinimumVisualStudioVersion = 10.0.40219.1
Project("{FAE04EC0-301F-11D3-BF4B-00C04F79EFBC}") = "Rout-Destination", "Rout-Destination\Rout-Destination.csproj", "{A5AFAC21-2A0B-423E-9ACE-1732FCA98E53}"
EndProject
Global
	GlobalSection(SolutionConfigurationPlatforms) = preSolution
		Debug|Any CPU = Debug|Any CPU
		Release|Any CPU = Release|Any CPU
	EndGlobalSection
	GlobalSection(ProjectConfigurationPlatforms) = postSolution
		{A5AFAC21-2A0B-423E-9ACE-1732FCA98E53}.Debug|Any CPU.ActiveCfg = Debug|Any CPU
		{A5AFAC21-2A0B-423E-9ACE-1732FCA98E53}.Debug|Any CPU.Build.0 = Debug|Any CPU
		{A5AFAC21-2A0B-423E-9ACE-1732FCA98E53}.Release|Any CPU.ActiveCfg = Release|Any CPU
		{A5AFAC21-2A0B-423E-9ACE-1732FCA98E53}.Release|Any CPU.Build.0 = Release|Any CPU
	EndGlobalSection
	GlobalSection(SolutionProperties) = preSolution
		HideSolutionNode = FALSE
	EndGlobalSection
	GlobalSection(ExtensibilityGlobals) = postSolution
		SolutionGuid = {4496D369-628F-403C-BCDD-5148C78AEC20}
	EndGlobalSection
EndGlobal
